
Microsoft Visual Studio Solution File, Format Version 12.00
# Visual Studio Version 16
VisualStudioVersion = 16.0.30114.105
MinimumVisualStudioVersion = 10.0.40219.1
Project("{FAE04EC0-301F-11D3-BF4B-00C04F79EFBC}") = "CsvProc9000", "CsvProc9000\CsvProc9000.csproj", "{0F22CCE5-F092-4F46-90E4-C065AEB48A5D}"
EndProject
Project("{2150E333-8FDC-42A3-9474-1A3956D46DE8}") = "Solution Items", "Solution Items", "{082D8BE1-7D70-4019-928C-35451A363E76}"
ProjectSection(SolutionItems) = preProject
	.editorconfig = .editorconfig
EndProjectSection
EndProject
Project("{FAE04EC0-301F-11D3-BF4B-00C04F79EFBC}") = "CsvProc9000.Model", "CsvProc9000.Model\CsvProc9000.Model.csproj", "{696D5DBE-40FF-4ACA-A3A0-241AF7F451CA}"
EndProject
Project("{FAE04EC0-301F-11D3-BF4B-00C04F79EFBC}") = "CsvProc9000.Tests", "CsvProc9000.Tests\CsvProc9000.Tests.csproj", "{B24D16F8-3DB4-4D89-92F6-16637EBCE3E6}"
EndProject
Global
	GlobalSection(SolutionConfigurationPlatforms) = preSolution
		Debug|Any CPU = Debug|Any CPU
		Debug|x64 = Debug|x64
		Debug|x86 = Debug|x86
		Release|Any CPU = Release|Any CPU
		Release|x64 = Release|x64
		Release|x86 = Release|x86
	EndGlobalSection
	GlobalSection(SolutionProperties) = preSolution
		HideSolutionNode = FALSE
	EndGlobalSection
	GlobalSection(ProjectConfigurationPlatforms) = postSolution
		{0F22CCE5-F092-4F46-90E4-C065AEB48A5D}.Debug|Any CPU.ActiveCfg = Debug|Any CPU
		{0F22CCE5-F092-4F46-90E4-C065AEB48A5D}.Debug|Any CPU.Build.0 = Debug|Any CPU
		{0F22CCE5-F092-4F46-90E4-C065AEB48A5D}.Debug|x64.ActiveCfg = Debug|Any CPU
		{0F22CCE5-F092-4F46-90E4-C065AEB48A5D}.Debug|x64.Build.0 = Debug|Any CPU
		{0F22CCE5-F092-4F46-90E4-C065AEB48A5D}.Debug|x86.ActiveCfg = Debug|Any CPU
		{0F22CCE5-F092-4F46-90E4-C065AEB48A5D}.Debug|x86.Build.0 = Debug|Any CPU
		{0F22CCE5-F092-4F46-90E4-C065AEB48A5D}.Release|Any CPU.ActiveCfg = Release|Any CPU
		{0F22CCE5-F092-4F46-90E4-C065AEB48A5D}.Release|Any CPU.Build.0 = Release|Any CPU
		{0F22CCE5-F092-4F46-90E4-C065AEB48A5D}.Release|x64.ActiveCfg = Release|Any CPU
		{0F22CCE5-F092-4F46-90E4-C065AEB48A5D}.Release|x64.Build.0 = Release|Any CPU
		{0F22CCE5-F092-4F46-90E4-C065AEB48A5D}.Release|x86.ActiveCfg = Release|Any CPU
		{0F22CCE5-F092-4F46-90E4-C065AEB48A5D}.Release|x86.Build.0 = Release|Any CPU
		{696D5DBE-40FF-4ACA-A3A0-241AF7F451CA}.Debug|Any CPU.ActiveCfg = Debug|Any CPU
		{696D5DBE-40FF-4ACA-A3A0-241AF7F451CA}.Debug|Any CPU.Build.0 = Debug|Any CPU
		{696D5DBE-40FF-4ACA-A3A0-241AF7F451CA}.Debug|x64.ActiveCfg = Debug|Any CPU
		{696D5DBE-40FF-4ACA-A3A0-241AF7F451CA}.Debug|x64.Build.0 = Debug|Any CPU
		{696D5DBE-40FF-4ACA-A3A0-241AF7F451CA}.Debug|x86.ActiveCfg = Debug|Any CPU
		{696D5DBE-40FF-4ACA-A3A0-241AF7F451CA}.Debug|x86.Build.0 = Debug|Any CPU
		{696D5DBE-40FF-4ACA-A3A0-241AF7F451CA}.Release|Any CPU.ActiveCfg = Release|Any CPU
		{696D5DBE-40FF-4ACA-A3A0-241AF7F451CA}.Release|Any CPU.Build.0 = Release|Any CPU
		{696D5DBE-40FF-4ACA-A3A0-241AF7F451CA}.Release|x64.ActiveCfg = Release|Any CPU
		{696D5DBE-40FF-4ACA-A3A0-241AF7F451CA}.Release|x64.Build.0 = Release|Any CPU
		{696D5DBE-40FF-4ACA-A3A0-241AF7F451CA}.Release|x86.ActiveCfg = Release|Any CPU
		{696D5DBE-40FF-4ACA-A3A0-241AF7F451CA}.Release|x86.Build.0 = Release|Any CPU
		{B24D16F8-3DB4-4D89-92F6-16637EBCE3E6}.Debug|Any CPU.ActiveCfg = Debug|Any CPU
		{B24D16F8-3DB4-4D89-92F6-16637EBCE3E6}.Debug|Any CPU.Build.0 = Debug|Any CPU
		{B24D16F8-3DB4-4D89-92F6-16637EBCE3E6}.Debug|x64.ActiveCfg = Debug|Any CPU
		{B24D16F8-3DB4-4D89-92F6-16637EBCE3E6}.Debug|x64.Build.0 = Debug|Any CPU
		{B24D16F8-3DB4-4D89-92F6-16637EBCE3E6}.Debug|x86.ActiveCfg = Debug|Any CPU
		{B24D16F8-3DB4-4D89-92F6-16637EBCE3E6}.Debug|x86.Build.0 = Debug|Any CPU
		{B24D16F8-3DB4-4D89-92F6-16637EBCE3E6}.Release|Any CPU.ActiveCfg = Release|Any CPU
		{B24D16F8-3DB4-4D89-92F6-16637EBCE3E6}.Release|Any CPU.Build.0 = Release|Any CPU
		{B24D16F8-3DB4-4D89-92F6-16637EBCE3E6}.Release|x64.ActiveCfg = Release|Any CPU
		{B24D16F8-3DB4-4D89-92F6-16637EBCE3E6}.Release|x64.Build.0 = Release|Any CPU
		{B24D16F8-3DB4-4D89-92F6-16637EBCE3E6}.Release|x86.ActiveCfg = Release|Any CPU
		{B24D16F8-3DB4-4D89-92F6-16637EBCE3E6}.Release|x86.Build.0 = Release|Any CPU
	EndGlobalSection
	GlobalSection(NestedProjects) = preSolution
	EndGlobalSection
EndGlobal
